
Microsoft Visual Studio Solution File, Format Version 12.00
# Visual Studio Version 17
VisualStudioVersion = 17.10.35027.167
MinimumVisualStudioVersion = 10.0.40219.1
Project("{9A19103F-16F7-4668-BE54-9A1E7A4F7556}") = "MoversManagementSystem", "MoversManagementSystem\MoversManagementSystem.csproj", "{187514A0-D7AA-4F2A-8B4F-144D44AA2B67}"
EndProject
Project("{FAE04EC0-301F-11D3-BF4B-00C04F79EFBC}") = "MMS.Core", "MMS.Core\MMS.Core.csproj", "{04AD28DF-4A42-4937-AC82-8A95EE83B6CC}"
EndProject
Project("{FAE04EC0-301F-11D3-BF4B-00C04F79EFBC}") = "MMS.Application", "MMS.Application\MMS.Application.csproj", "{7DA1F8B0-C9E5-4A9D-A361-28DC07B5810F}"
EndProject
Project("{FAE04EC0-301F-11D3-BF4B-00C04F79EFBC}") = "MMS.Infrastructure", "MMS.Infrastructure\MMS.Infrastructure.csproj", "{1442EE63-6BB9-4D28-8BE1-9EE010B2B09C}"
EndProject
Global
	GlobalSection(SolutionConfigurationPlatforms) = preSolution
		Debug|Any CPU = Debug|Any CPU
		Release|Any CPU = Release|Any CPU
	EndGlobalSection
	GlobalSection(ProjectConfigurationPlatforms) = postSolution
		{187514A0-D7AA-4F2A-8B4F-144D44AA2B67}.Debug|Any CPU.ActiveCfg = Debug|Any CPU
		{187514A0-D7AA-4F2A-8B4F-144D44AA2B67}.Debug|Any CPU.Build.0 = Debug|Any CPU
		{187514A0-D7AA-4F2A-8B4F-144D44AA2B67}.Release|Any CPU.ActiveCfg = Release|Any CPU
		{187514A0-D7AA-4F2A-8B4F-144D44AA2B67}.Release|Any CPU.Build.0 = Release|Any CPU
		{04AD28DF-4A42-4937-AC82-8A95EE83B6CC}.Debug|Any CPU.ActiveCfg = Debug|Any CPU
		{04AD28DF-4A42-4937-AC82-8A95EE83B6CC}.Debug|Any CPU.Build.0 = Debug|Any CPU
		{04AD28DF-4A42-4937-AC82-8A95EE83B6CC}.Release|Any CPU.ActiveCfg = Release|Any CPU
		{04AD28DF-4A42-4937-AC82-8A95EE83B6CC}.Release|Any CPU.Build.0 = Release|Any CPU
		{7DA1F8B0-C9E5-4A9D-A361-28DC07B5810F}.Debug|Any CPU.ActiveCfg = Debug|Any CPU
		{7DA1F8B0-C9E5-4A9D-A361-28DC07B5810F}.Debug|Any CPU.Build.0 = Debug|Any CPU
		{7DA1F8B0-C9E5-4A9D-A361-28DC07B5810F}.Release|Any CPU.ActiveCfg = Release|Any CPU
		{7DA1F8B0-C9E5-4A9D-A361-28DC07B5810F}.Release|Any CPU.Build.0 = Release|Any CPU
		{1442EE63-6BB9-4D28-8BE1-9EE010B2B09C}.Debug|Any CPU.ActiveCfg = Debug|Any CPU
		{1442EE63-6BB9-4D28-8BE1-9EE010B2B09C}.Debug|Any CPU.Build.0 = Debug|Any CPU
		{1442EE63-6BB9-4D28-8BE1-9EE010B2B09C}.Release|Any CPU.ActiveCfg = Release|Any CPU
		{1442EE63-6BB9-4D28-8BE1-9EE010B2B09C}.Release|Any CPU.Build.0 = Release|Any CPU
	EndGlobalSection
	GlobalSection(SolutionProperties) = preSolution
		HideSolutionNode = FALSE
	EndGlobalSection
	GlobalSection(ExtensibilityGlobals) = postSolution
		SolutionGuid = {81A9BE87-FA3D-4A87-9B4C-6DDA3E1D4DD5}
	EndGlobalSection
EndGlobal
